GEM
  remote: https://rubygems.org/
  specs:
    brakeman (8.0.6)
      racc
    racc (1.8.1)

PLATFORMS
  arm64-darwin-23
  ruby

DEPENDENCIES
  brakeman (= 8.0.6)

CHECKSUMS
  brakeman (8.0.6) sha256=759cc69341115e6c2dcd47b6fd8649a0b9bd540e3585ac8a0a94e31c66fee386
  bundler (4.0.16) sha256=d6ca5dd440c24f9abce9844cf44cc8e18c6a553de65a47efb4544137af92c47d
  racc (1.8.1) sha256=4a7f6929691dbec8b5209a0b373bc2614882b55fc5d2e447a21aaa691303d62f

BUNDLED WITH
  4.0.16
