GEM
  remote: https://rubygems.org/
  specs:
    brakeman (8.1.0)
      racc
    racc (1.8.1)

PLATFORMS
  arm64-darwin-23
  ruby

DEPENDENCIES
  brakeman (= 8.1.0)

CHECKSUMS
  brakeman (8.1.0) sha256=cfa9e5214e4925842f4bc849a64f8a7e6c5d0425fe98eac8d7b7bc60fdc17e07
  bundler (4.0.16) sha256=d6ca5dd440c24f9abce9844cf44cc8e18c6a553de65a47efb4544137af92c47d
  racc (1.8.1) sha256=4a7f6929691dbec8b5209a0b373bc2614882b55fc5d2e447a21aaa691303d62f

BUNDLED WITH
  4.0.16
